// !$*UTF8*$!
{
	archiveVersion = 1;
	classes = {
	};
	objectVersion = 56;
	objects = {

/* Begin PBXBuildFile section */
		A89B380829664591003D240C /* AppDelegate.swift in Sources */ = {isa = PBXBuildFile; fileRef = A89B380729664591003D240C /* AppDelegate.swift */; };
		A89B380A29664591003D240C /* SceneDelegate.swift in Sources */ = {isa = PBXBuildFile; fileRef = A89B380929664591003D240C /* SceneDelegate.swift */; };
		A89B380C29664591003D240C /* RootViewController.swift in Sources */ = {isa = PBXBuildFile; fileRef = A89B380B29664591003D240C /* RootViewController.swift */; };
		A89B381129664593003D240C /* Assets.xcassets in Resources */ = {isa = PBXBuildFile; fileRef = A89B381029664593003D240C /* Assets.xcassets */; };
		A89B381429664593003D240C /* LaunchScreen.storyboard in Resources */ = {isa = PBXBuildFile; fileRef = A89B381229664593003D240C /* LaunchScreen.storyboard */; };
		A8EC0390296769A600B6DB89 /* Models.swift in Sources */ = {isa = PBXBuildFile; fileRef = A8EC038F296769A600B6DB89 /* Models.swift */; };
		A8EC0392296769DF00B6DB89 /* PlaceSearchService.swift in Sources */ = {isa = PBXBuildFile; fileRef = A8EC0391296769DF00B6DB89 /* PlaceSearchService.swift */; };
		A8EC039429676F4800B6DB89 /* PlaceModelTests.swift in Sources */ = {isa = PBXBuildFile; fileRef = A8EC039329676F4800B6DB89 /* PlaceModelTests.swift */; };
		A8EC03972967714800B6DB89 /* Utils.swift in Sources */ = {isa = PBXBuildFile; fileRef = A8EC03962967714800B6DB89 /* Utils.swift */; };
		A8EC0399296885A100B6DB89 /* GooglePlaceSearchServiceTests.swift in Sources */ = {isa = PBXBuildFile; fileRef = A8EC0398296885A100B6DB89 /* GooglePlaceSearchServiceTests.swift */; };
		A8EC039B2968BD3500B6DB89 /* RootViewModel.swift in Sources */ = {isa = PBXBuildFile; fileRef = A8EC039A2968BD3500B6DB89 /* RootViewModel.swift */; };
		A8EC039D2968C35800B6DB89 /* LocationService.swift in Sources */ = {isa = PBXBuildFile; fileRef = A8EC039C2968C35800B6DB89 /* LocationService.swift */; };
		A8EC039F2968ECEF00B6DB89 /* ListViewModel.swift in Sources */ = {isa = PBXBuildFile; fileRef = A8EC039E2968ECEF00B6DB89 /* ListViewModel.swift */; };
		A8EC03A12968ED2000B6DB89 /* MapViewModel.swift in Sources */ = {isa = PBXBuildFile; fileRef = A8EC03A02968ED2000B6DB89 /* MapViewModel.swift */; };
		A8EC03A3296C835400B6DB89 /* RootViewModelTests.swift in Sources */ = {isa = PBXBuildFile; fileRef = A8EC03A2296C835400B6DB89 /* RootViewModelTests.swift */; };
		A8EC03A5296C8B3300B6DB89 /* MapViewController.swift in Sources */ = {isa = PBXBuildFile; fileRef = A8EC03A4296C8B3300B6DB89 /* MapViewController.swift */; };
		A8EC03A7296C8BC100B6DB89 /* ListViewController.swift in Sources */ = {isa = PBXBuildFile; fileRef = A8EC03A6296C8BC100B6DB89 /* ListViewController.swift */; };
		A8EC03AA296DF29600B6DB89 /* CoreLocation.framework in Frameworks */ = {isa = PBXBuildFile; fileRef = A8EC03A9296DF29600B6DB89 /* CoreLocation.framework */; };
		A8EC03AC296DF32A00B6DB89 /* MapKit.framework in Frameworks */ = {isa = PBXBuildFile; fileRef = A8EC03AB296DF32A00B6DB89 /* MapKit.framework */; };
		A8EC03AE296E2A3800B6DB89 /* PlaceDetailViewModel.swift in Sources */ = {isa = PBXBuildFile; fileRef = A8EC03AD296E2A3800B6DB89 /* PlaceDetailViewModel.swift */; };
		A8EC03B0296E2A7800B6DB89 /* PlaceDetailViewController.swift in Sources */ = {isa = PBXBuildFile; fileRef = A8EC03AF296E2A7800B6DB89 /* PlaceDetailViewController.swift */; };
		A8EC03B2296F29B800B6DB89 /* SearchViewModel.swift in Sources */ = {isa = PBXBuildFile; fileRef = A8EC03B1296F29B800B6DB89 /* SearchViewModel.swift */; };
		A8EC03B9296F730F00B6DB89 /* ImageCache.swift in Sources */ = {isa = PBXBuildFile; fileRef = A8EC03B8296F730F00B6DB89 /* ImageCache.swift */; };
/* End PBXBuildFile section */

/* Begin PBXContainerItemProxy section */
		A89B381B29664593003D240C /* PBXContainerItemProxy */ = {
			isa = PBXContainerItemProxy;
			containerPortal = A89B37FC29664591003D240C /* Project object */;
			proxyType = 1;
			remoteGlobalIDString = A89B380329664591003D240C;
			remoteInfo = AllTrailsAtLunch;
		};
/* End PBXContainerItemProxy section */

/* Begin PBXFileReference section */
		A89B380429664591003D240C /* AllTrailsAtLunch.app */ = {isa = PBXFileReference; explicitFileType = wrapper.application; includeInIndex = 0; path = AllTrailsAtLunch.app; sourceTree = BUILT_PRODUCTS_DIR; };
		A89B380729664591003D240C /* AppDelegate.swift */ = {isa = PBXFileReference; lastKnownFileType = sourcecode.swift; path = AppDelegate.swift; sourceTree = "<group>"; };
		A89B380929664591003D240C /* SceneDelegate.swift */ = {isa = PBXFileReference; lastKnownFileType = sourcecode.swift; path = SceneDelegate.swift; sourceTree = "<group>"; };
		A89B380B29664591003D240C /* RootViewController.swift */ = {isa = PBXFileReference; lastKnownFileType = sourcecode.swift; path = RootViewController.swift; sourceTree = "<group>"; };
		A89B381029664593003D240C /* Assets.xcassets */ = {isa = PBXFileReference; lastKnownFileType = folder.assetcatalog; path = Assets.xcassets; sourceTree = "<group>"; };
		A89B381329664593003D240C /* Base */ = {isa = PBXFileReference; lastKnownFileType = file.storyboard; name = Base; path = Base.lproj/LaunchScreen.storyboard; sourceTree = "<group>"; };
		A89B381529664593003D240C /* Info.plist */ = {isa = PBXFileReference; lastKnownFileType = text.plist.xml; path = Info.plist; sourceTree = "<group>"; };
		A89B381A29664593003D240C /* AllTrailsAtLunchTests.xctest */ = {isa = PBXFileReference; explicitFileType = wrapper.cfbundle; includeInIndex = 0; path = AllTrailsAtLunchTests.xctest; sourceTree = BUILT_PRODUCTS_DIR; };
		A8EC038F296769A600B6DB89 /* Models.swift */ = {isa = PBXFileReference; lastKnownFileType = sourcecode.swift; path = Models.swift; sourceTree = "<group>"; };
		A8EC0391296769DF00B6DB89 /* PlaceSearchService.swift */ = {isa = PBXFileReference; lastKnownFileType = sourcecode.swift; path = PlaceSearchService.swift; sourceTree = "<group>"; };
		A8EC039329676F4800B6DB89 /* PlaceModelTests.swift */ = {isa = PBXFileReference; lastKnownFileType = sourcecode.swift; path = PlaceModelTests.swift; sourceTree = "<group>"; };
		A8EC03962967714800B6DB89 /* Utils.swift */ = {isa = PBXFileReference; lastKnownFileType = sourcecode.swift; path = Utils.swift; sourceTree = "<group>"; };
		A8EC0398296885A100B6DB89 /* GooglePlaceSearchServiceTests.swift */ = {isa = PBXFileReference; lastKnownFileType = sourcecode.swift; path = GooglePlaceSearchServiceTests.swift; sourceTree = "<group>"; };
		A8EC039A2968BD3500B6DB89 /* RootViewModel.swift */ = {isa = PBXFileReference; lastKnownFileType = sourcecode.swift; path = RootViewModel.swift; sourceTree = "<group>"; };
		A8EC039C2968C35800B6DB89 /* LocationService.swift */ = {isa = PBXFileReference; lastKnownFileType = sourcecode.swift; path = LocationService.swift; sourceTree = "<group>"; };
		A8EC039E2968ECEF00B6DB89 /* ListViewModel.swift */ = {isa = PBXFileReference; lastKnownFileType = sourcecode.swift; path = ListViewModel.swift; sourceTree = "<group>"; };
		A8EC03A02968ED2000B6DB89 /* MapViewModel.swift */ = {isa = PBXFileReference; lastKnownFileType = sourcecode.swift; path = MapViewModel.swift; sourceTree = "<group>"; };
		A8EC03A2296C835400B6DB89 /* RootViewModelTests.swift */ = {isa = PBXFileReference; lastKnownFileType = sourcecode.swift; path = RootViewModelTests.swift; sourceTree = "<group>"; };
		A8EC03A4296C8B3300B6DB89 /* MapViewController.swift */ = {isa = PBXFileReference; lastKnownFileType = sourcecode.swift; path = MapViewController.swift; sourceTree = "<group>"; };
		A8EC03A6296C8BC100B6DB89 /* ListViewController.swift */ = {isa = PBXFileReference; lastKnownFileType = sourcecode.swift; path = ListViewController.swift; sourceTree = "<group>"; };
		A8EC03A9296DF29600B6DB89 /* CoreLocation.framework */ = {isa = PBXFileReference; lastKnownFileType = wrapper.framework; name = CoreLocation.framework; path = System/Library/Frameworks/CoreLocation.framework; sourceTree = SDKROOT; };
		A8EC03AB296DF32A00B6DB89 /* MapKit.framework */ = {isa = PBXFileReference; lastKnownFileType = wrapper.framework; name = MapKit.framework; path = System/Library/Frameworks/MapKit.framework; sourceTree = SDKROOT; };
		A8EC03AD296E2A3800B6DB89 /* PlaceDetailViewModel.swift */ = {isa = PBXFileReference; lastKnownFileType = sourcecode.swift; path = PlaceDetailViewModel.swift; sourceTree = "<group>"; };
		A8EC03AF296E2A7800B6DB89 /* PlaceDetailViewController.swift */ = {isa = PBXFileReference; lastKnownFileType = sourcecode.swift; path = PlaceDetailViewController.swift; sourceTree = "<group>"; };
		A8EC03B1296F29B800B6DB89 /* SearchViewModel.swift */ = {isa = PBXFileReference; lastKnownFileType = sourcecode.swift; path = SearchViewModel.swift; sourceTree = "<group>"; };
		A8EC03B7296F675F00B6DB89 /* README.md */ = {isa = PBXFileReference; lastKnownFileType = net.daringfireball.markdown; path = README.md; sourceTree = "<group>"; };
		A8EC03B8296F730F00B6DB89 /* ImageCache.swift */ = {isa = PBXFileReference; lastKnownFileType = sourcecode.swift; path = ImageCache.swift; sourceTree = "<group>"; };
/* End PBXFileReference section */

/* Begin PBXFrameworksBuildPhase section */
		A89B380129664591003D240C /* Frameworks */ = {
			isa = PBXFrameworksBuildPhase;
			buildActionMask = 2147483647;
			files = (
				A8EC03AC296DF32A00B6DB89 /* MapKit.framework in Frameworks */,
				A8EC03AA296DF29600B6DB89 /* CoreLocation.framework in Frameworks */,
			);
			runOnlyForDeploymentPostprocessing = 0;
		};
		A89B381729664593003D240C /* Frameworks */ = {
			isa = PBXFrameworksBuildPhase;
			buildActionMask = 2147483647;
			files = (
			);
			runOnlyForDeploymentPostprocessing = 0;
		};
/* End PBXFrameworksBuildPhase section */

/* Begin PBXGroup section */
		A89B37FB29664591003D240C = {
			isa = PBXGroup;
			children = (
				A8EC03B7296F675F00B6DB89 /* README.md */,
				A89B380629664591003D240C /* AllTrailsAtLunch */,
				A89B381D29664593003D240C /* AllTrailsAtLunchTests */,
				A89B380529664591003D240C /* Products */,
				A8EC03A8296DF29600B6DB89 /* Frameworks */,
			);
			sourceTree = "<group>";
		};
		A89B380529664591003D240C /* Products */ = {
			isa = PBXGroup;
			children = (
				A89B380429664591003D240C /* AllTrailsAtLunch.app */,
				A89B381A29664593003D240C /* AllTrailsAtLunchTests.xctest */,
			);
			name = Products;
			sourceTree = "<group>";
		};
		A89B380629664591003D240C /* AllTrailsAtLunch */ = {
			isa = PBXGroup;
			children = (
				A89B380729664591003D240C /* AppDelegate.swift */,
				A89B380929664591003D240C /* SceneDelegate.swift */,
				A8EC03A4296C8B3300B6DB89 /* MapViewController.swift */,
				A89B380B29664591003D240C /* RootViewController.swift */,
				A8EC03A6296C8BC100B6DB89 /* ListViewController.swift */,
				A8EC03AF296E2A7800B6DB89 /* PlaceDetailViewController.swift */,
				A8EC038F296769A600B6DB89 /* Models.swift */,
				A8EC0391296769DF00B6DB89 /* PlaceSearchService.swift */,
				A8EC03962967714800B6DB89 /* Utils.swift */,
				A8EC039A2968BD3500B6DB89 /* RootViewModel.swift */,
				A8EC039E2968ECEF00B6DB89 /* ListViewModel.swift */,
				A8EC03A02968ED2000B6DB89 /* MapViewModel.swift */,
				A8EC03AD296E2A3800B6DB89 /* PlaceDetailViewModel.swift */,
				A8EC03B1296F29B800B6DB89 /* SearchViewModel.swift */,
				A8EC039C2968C35800B6DB89 /* LocationService.swift */,
				A8EC03B8296F730F00B6DB89 /* ImageCache.swift */,
				A89B381029664593003D240C /* Assets.xcassets */,
				A89B381229664593003D240C /* LaunchScreen.storyboard */,
				A89B381529664593003D240C /* Info.plist */,
			);
			path = AllTrailsAtLunch;
			sourceTree = "<group>";
		};
		A89B381D29664593003D240C /* AllTrailsAtLunchTests */ = {
			isa = PBXGroup;
			children = (
				A8EC039329676F4800B6DB89 /* PlaceModelTests.swift */,
				A8EC0398296885A100B6DB89 /* GooglePlaceSearchServiceTests.swift */,
				A8EC03A2296C835400B6DB89 /* RootViewModelTests.swift */,
			);
			path = AllTrailsAtLunchTests;
			sourceTree = "<group>";
		};
		A8EC03A8296DF29600B6DB89 /* Frameworks */ = {
			isa = PBXGroup;
			children = (
				A8EC03AB296DF32A00B6DB89 /* MapKit.framework */,
				A8EC03A9296DF29600B6DB89 /* CoreLocation.framework */,
			);
			name = Frameworks;
			sourceTree = "<group>";
		};
/* End PBXGroup section */

/* Begin PBXNativeTarget section */
		A89B380329664591003D240C /* AllTrailsAtLunch */ = {
			isa = PBXNativeTarget;
			buildConfigurationList = A89B382E29664593003D240C /* Build configuration list for PBXNativeTarget "AllTrailsAtLunch" */;
			buildPhases = (
				A89B380029664591003D240C /* Sources */,
				A89B380129664591003D240C /* Frameworks */,
				A89B380229664591003D240C /* Resources */,
			);
			buildRules = (
			);
			dependencies = (
			);
			name = AllTrailsAtLunch;
			productName = AllTrailsAtLunch;
			productReference = A89B380429664591003D240C /* AllTrailsAtLunch.app */;
			productType = "com.apple.product-type.application";
		};
		A89B381929664593003D240C /* AllTrailsAtLunchTests */ = {
			isa = PBXNativeTarget;
			buildConfigurationList = A89B383129664593003D240C /* Build configuration list for PBXNativeTarget "AllTrailsAtLunchTests" */;
			buildPhases = (
				A89B381629664593003D240C /* Sources */,
				A89B381729664593003D240C /* Frameworks */,
				A89B381829664593003D240C /* Resources */,
			);
			buildRules = (
			);
			dependencies = (
				A89B381C29664593003D240C /* PBXTargetDependency */,
			);
			name = AllTrailsAtLunchTests;
			productName = AllTrailsAtLunchTests;
			productReference = A89B381A29664593003D240C /* AllTrailsAtLunchTests.xctest */;
			productType = "com.apple.product-type.bundle.unit-test";
		};
/* End PBXNativeTarget section */

/* Begin PBXProject section */
		A89B37FC29664591003D240C /* Project object */ = {
			isa = PBXProject;
			attributes = {
				BuildIndependentTargetsInParallel = 1;
				LastSwiftUpdateCheck = 1410;
				LastUpgradeCheck = 1410;
				TargetAttributes = {
					A89B380329664591003D240C = {
						CreatedOnToolsVersion = 14.1;
					};
					A89B381929664593003D240C = {
						CreatedOnToolsVersion = 14.1;
						TestTargetID = A89B380329664591003D240C;
					};
				};
			};
			buildConfigurationList = A89B37FF29664591003D240C /* Build configuration list for PBXProject "AllTrailsAtLunch" */;
			compatibilityVersion = "Xcode 14.0";
			developmentRegion = en;
			hasScannedForEncodings = 0;
			knownRegions = (
				en,
				Base,
			);
			mainGroup = A89B37FB29664591003D240C;
			productRefGroup = A89B380529664591003D240C /* Products */;
			projectDirPath = "";
			projectRoot = "";
			targets = (
				A89B380329664591003D240C /* AllTrailsAtLunch */,
				A89B381929664593003D240C /* AllTrailsAtLunchTests */,
			);
		};
/* End PBXProject section */

/* Begin PBXResourcesBuildPhase section */
		A89B380229664591003D240C /* Resources */ = {
			isa = PBXResourcesBuildPhase;
			buildActionMask = 2147483647;
			files = (
				A89B381429664593003D240C /* LaunchScreen.storyboard in Resources */,
				A89B381129664593003D240C /* Assets.xcassets in Resources */,
			);
			runOnlyForDeploymentPostprocessing = 0;
		};
		A89B381829664593003D240C /* Resources */ = {
			isa = PBXResourcesBuildPhase;
			buildActionMask = 2147483647;
			files = (
			);
			runOnlyForDeploymentPostprocessing = 0;
		};
/* End PBXResourcesBuildPhase section */

/* Begin PBXSourcesBuildPhase section */
		A89B380029664591003D240C /* Sources */ = {
			isa = PBXSourcesBuildPhase;
			buildActionMask = 2147483647;
			files = (
				A8EC03A5296C8B3300B6DB89 /* MapViewController.swift in Sources */,
				A8EC0392296769DF00B6DB89 /* PlaceSearchService.swift in Sources */,
				A8EC03B9296F730F00B6DB89 /* ImageCache.swift in Sources */,
				A8EC03A7296C8BC100B6DB89 /* ListViewController.swift in Sources */,
				A8EC03A12968ED2000B6DB89 /* MapViewModel.swift in Sources */,
				A8EC03AE296E2A3800B6DB89 /* PlaceDetailViewModel.swift in Sources */,
				A8EC039B2968BD3500B6DB89 /* RootViewModel.swift in Sources */,
				A8EC03B2296F29B800B6DB89 /* SearchViewModel.swift in Sources */,
				A8EC039D2968C35800B6DB89 /* LocationService.swift in Sources */,
				A89B380C29664591003D240C /* RootViewController.swift in Sources */,
				A89B380829664591003D240C /* AppDelegate.swift in Sources */,
				A8EC03B0296E2A7800B6DB89 /* PlaceDetailViewController.swift in Sources */,
				A8EC039F2968ECEF00B6DB89 /* ListViewModel.swift in Sources */,
				A89B380A29664591003D240C /* SceneDelegate.swift in Sources */,
				A8EC0390296769A600B6DB89 /* Models.swift in Sources */,
				A8EC03972967714800B6DB89 /* Utils.swift in Sources */,
			);
			runOnlyForDeploymentPostprocessing = 0;
		};
		A89B381629664593003D240C /* Sources */ = {
			isa = PBXSourcesBuildPhase;
			buildActionMask = 2147483647;
			files = (
				A8EC0399296885A100B6DB89 /* GooglePlaceSearchServiceTests.swift in Sources */,
				A8EC039429676F4800B6DB89 /* PlaceModelTests.swift in Sources */,
				A8EC03A3296C835400B6DB89 /* RootViewModelTests.swift in Sources */,
			);
			runOnlyForDeploymentPostprocessing = 0;
		};
/* End PBXSourcesBuildPhase section */

/* Begin PBXTargetDependency section */
		A89B381C29664593003D240C /* PBXTargetDependency */ = {
			isa = PBXTargetDependency;
			target = A89B380329664591003D240C /* AllTrailsAtLunch */;
			targetProxy = A89B381B29664593003D240C /* PBXContainerItemProxy */;
		};
/* End PBXTargetDependency section */

/* Begin PBXVariantGroup section */
		A89B381229664593003D240C /* LaunchScreen.storyboard */ = {
			isa = PBXVariantGroup;
			children = (
				A89B381329664593003D240C /* Base */,
			);
			name = LaunchScreen.storyboard;
			sourceTree = "<group>";
		};
/* End PBXVariantGroup section */

/* Begin XCBuildConfiguration section */
		A89B382C29664593003D240C /* Debug */ = {
			isa = XCBuildConfiguration;
			buildSettings = {
				ALWAYS_SEARCH_USER_PATHS = NO;
				CLANG_ANALYZER_NONNULL = YES;
				CLANG_ANALYZER_NUMBER_OBJECT_CONVERSION = YES_AGGRESSIVE;
				CLANG_CXX_LANGUAGE_STANDARD = "gnu++20";
				CLANG_ENABLE_MODULES = YES;
				CLANG_ENABLE_OBJC_ARC = YES;
				CLANG_ENABLE_OBJC_WEAK = YES;
				CLANG_WARN_BLOCK_CAPTURE_AUTORELEASING = YES;
				CLANG_WARN_BOOL_CONVERSION = YES;
				CLANG_WARN_COMMA = YES;
				CLANG_WARN_CONSTANT_CONVERSION = YES;
				CLANG_WARN_DEPRECATED_OBJC_IMPLEMENTATIONS = YES;
				CLANG_WARN_DIRECT_OBJC_ISA_USAGE = YES_ERROR;
				CLANG_WARN_DOCUMENTATION_COMMENTS = YES;
				CLANG_WARN_EMPTY_BODY = YES;
				CLANG_WARN_ENUM_CONVERSION = YES;
				CLANG_WARN_INFINITE_RECURSION = YES;
				CLANG_WARN_INT_CONVERSION = YES;
				CLANG_WARN_NON_LITERAL_NULL_CONVERSION = YES;
				CLANG_WARN_OBJC_IMPLICIT_RETAIN_SELF = YES;
				CLANG_WARN_OBJC_LITERAL_CONVERSION = YES;
				CLANG_WARN_OBJC_ROOT_CLASS = YES_ERROR;
				CLANG_WARN_QUOTED_INCLUDE_IN_FRAMEWORK_HEADER = YES;
				CLANG_WARN_RANGE_LOOP_ANALYSIS = YES;
				CLANG_WARN_STRICT_PROTOTYPES = YES;
				CLANG_WARN_SUSPICIOUS_MOVE = YES;
				CLANG_WARN_UNGUARDED_AVAILABILITY = YES_AGGRESSIVE;
				CLANG_WARN_UNREACHABLE_CODE = YES;
				CLANG_WARN__DUPLICATE_METHOD_MATCH = YES;
				COPY_PHASE_STRIP = NO;
				DEBUG_INFORMATION_FORMAT = dwarf;
				ENABLE_STRICT_OBJC_MSGSEND = YES;
				ENABLE_TESTABILITY = YES;
				GCC_C_LANGUAGE_STANDARD = gnu11;
				GCC_DYNAMIC_NO_PIC = NO;
				GCC_NO_COMMON_BLOCKS = YES;
				GCC_OPTIMIZATION_LEVEL = 0;
				GCC_PREPROCESSOR_DEFINITIONS = (
					"DEBUG=1",
					"$(inherited)",
				);
				GCC_WARN_64_TO_32_BIT_CONVERSION = YES;
				GCC_WARN_ABOUT_RETURN_TYPE = YES_ERROR;
				GCC_WARN_UNDECLARED_SELECTOR = YES;
				GCC_WARN_UNINITIALIZED_AUTOS = YES_AGGRESSIVE;
				GCC_WARN_UNUSED_FUNCTION = YES;
				GCC_WARN_UNUSED_VARIABLE = YES;
				IPHONEOS_DEPLOYMENT_TARGET = 16.1;
				MTL_ENABLE_DEBUG_INFO = INCLUDE_SOURCE;
				MTL_FAST_MATH = YES;
				ONLY_ACTIVE_ARCH = YES;
				SDKROOT = iphoneos;
				SWIFT_ACTIVE_COMPILATION_CONDITIONS = DEBUG;
				SWIFT_OPTIMIZATION_LEVEL = "-Onone";
			};
			name = Debug;
		};
		A89B382D29664593003D240C /* Release */ = {
			isa = XCBuildConfiguration;
			buildSettings = {
				ALWAYS_SEARCH_USER_PATHS = NO;
				CLANG_ANALYZER_NONNULL = YES;
				CLANG_ANALYZER_NUMBER_OBJECT_CONVERSION = YES_AGGRESSIVE;
				CLANG_CXX_LANGUAGE_STANDARD = "gnu++20";
				CLANG_ENABLE_MODULES = YES;
				CLANG_ENABLE_OBJC_ARC = YES;
				CLANG_ENABLE_OBJC_WEAK = YES;
				CLANG_WARN_BLOCK_CAPTURE_AUTORELEASING = YES;
				CLANG_WARN_BOOL_CONVERSION = YES;
				CLANG_WARN_COMMA = YES;
				CLANG_WARN_CONSTANT_CONVERSION = YES;
				CLANG_WARN_DEPRECATED_OBJC_IMPLEMENTATIONS = YES;
				CLANG_WARN_DIRECT_OBJC_ISA_USAGE = YES_ERROR;
				CLANG_WARN_DOCUMENTATION_COMMENTS = YES;
				CLANG_WARN_EMPTY_BODY = YES;
				CLANG_WARN_ENUM_CONVERSION = YES;
				CLANG_WARN_INFINITE_RECURSION = YES;
				CLANG_WARN_INT_CONVERSION = YES;
				CLANG_WARN_NON_LITERAL_NULL_CONVERSION = YES;
				CLANG_WARN_OBJC_IMPLICIT_RETAIN_SELF = YES;
				CLANG_WARN_OBJC_LITERAL_CONVERSION = YES;
				CLANG_WARN_OBJC_ROOT_CLASS = YES_ERROR;
				CLANG_WARN_QUOTED_INCLUDE_IN_FRAMEWORK_HEADER = YES;
				CLANG_WARN_RANGE_LOOP_ANALYSIS = YES;
				CLANG_WARN_STRICT_PROTOTYPES = YES;
				CLANG_WARN_SUSPICIOUS_MOVE = YES;
				CLANG_WARN_UNGUARDED_AVAILABILITY = YES_AGGRESSIVE;
				CLANG_WARN_UNREACHABLE_CODE = YES;
				CLANG_WARN__DUPLICATE_METHOD_MATCH = YES;
				COPY_PHASE_STRIP = NO;
				DEBUG_INFORMATION_FORMAT = "dwarf-with-dsym";
				ENABLE_NS_ASSERTIONS = NO;
				ENABLE_STRICT_OBJC_MSGSEND = YES;
				GCC_C_LANGUAGE_STANDARD = gnu11;
				GCC_NO_COMMON_BLOCKS = YES;
				GCC_WARN_64_TO_32_BIT_CONVERSION = YES;
				GCC_WARN_ABOUT_RETURN_TYPE = YES_ERROR;
				GCC_WARN_UNDECLARED_SELECTOR = YES;
				GCC_WARN_UNINITIALIZED_AUTOS = YES_AGGRESSIVE;
				GCC_WARN_UNUSED_FUNCTION = YES;
				GCC_WARN_UNUSED_VARIABLE = YES;
				IPHONEOS_DEPLOYMENT_TARGET = 16.1;
				MTL_ENABLE_DEBUG_INFO = NO;
				MTL_FAST_MATH = YES;
				SDKROOT = iphoneos;
				SWIFT_COMPILATION_MODE = wholemodule;
				SWIFT_OPTIMIZATION_LEVEL = "-O";
				VALIDATE_PRODUCT = YES;
			};
			name = Release;
		};
		A89B382F29664593003D240C /* Debug */ = {
			isa = XCBuildConfiguration;
			buildSettings = {
				ASSETCATALOG_COMPILER_APPICON_NAME = AppIcon;
				ASSETCATALOG_COMPILER_GLOBAL_ACCENT_COLOR_NAME = AccentColor;
				CODE_SIGN_STYLE = Automatic;
				CURRENT_PROJECT_VERSION = 1;
				GENERATE_INFOPLIST_FILE = YES;
				INFOPLIST_FILE = AllTrailsAtLunch/Info.plist;
				INFOPLIST_KEY_UIApplicationSupportsIndirectInputEvents = YES;
				INFOPLIST_KEY_UILaunchStoryboardName = LaunchScreen;
				INFOPLIST_KEY_UISupportedInterfaceOrientations_iPad = "UIInterfaceOrientationPortrait UIInterfaceOrientationPortraitUpsideDown UIInterfaceOrientationLandscapeLeft UIInterfaceOrientationLandscapeRight";
				INFOPLIST_KEY_UISupportedInterfaceOrientations_iPhone = "UIInterfaceOrientationPortrait UIInterfaceOrientationLandscapeLeft UIInterfaceOrientationLandscapeRight";
				LD_RUNPATH_SEARCH_PATHS = (
					"$(inherited)",
					"@executable_path/Frameworks",
				);
				MARKETING_VERSION = 1.0;
				PRODUCT_BUNDLE_IDENTIFIER = com.samvanderhyden.AllTrailsAtLunch;
				PRODUCT_NAME = "$(TARGET_NAME)";
				SWIFT_EMIT_LOC_STRINGS = YES;
				SWIFT_VERSION = 5.0;
				TARGETED_DEVICE_FAMILY = "1,2";
			};
			name = Debug;
		};
		A89B383029664593003D240C /* Release */ = {
			isa = XCBuildConfiguration;
			buildSettings = {
				ASSETCATALOG_COMPILER_APPICON_NAME = AppIcon;
				ASSETCATALOG_COMPILER_GLOBAL_ACCENT_COLOR_NAME = AccentColor;
				CODE_SIGN_STYLE = Automatic;
				CURRENT_PROJECT_VERSION = 1;
				GENERATE_INFOPLIST_FILE = YES;
				INFOPLIST_FILE = AllTrailsAtLunch/Info.plist;
				INFOPLIST_KEY_UIApplicationSupportsIndirectInputEvents = YES;
				INFOPLIST_KEY_UILaunchStoryboardName = LaunchScreen;
				INFOPLIST_KEY_UISupportedInterfaceOrientations_iPad = "UIInterfaceOrientationPortrait UIInterfaceOrientationPortraitUpsideDown UIInterfaceOrientationLandscapeLeft UIInterfaceOrientationLandscapeRight";
				INFOPLIST_KEY_UISupportedInterfaceOrientations_iPhone = "UIInterfaceOrientationPortrait UIInterfaceOrientationLandscapeLeft UIInterfaceOrientationLandscapeRight";
				LD_RUNPATH_SEARCH_PATHS = (
					"$(inherited)",
					"@executable_path/Frameworks",
				);
				MARKETING_VERSION = 1.0;
				PRODUCT_BUNDLE_IDENTIFIER = com.samvanderhyden.AllTrailsAtLunch;
				PRODUCT_NAME = "$(TARGET_NAME)";
				SWIFT_EMIT_LOC_STRINGS = YES;
				SWIFT_VERSION = 5.0;
				TARGETED_DEVICE_FAMILY = "1,2";
			};
			name = Release;
		};
		A89B383229664593003D240C /* Debug */ = {
			isa = XCBuildConfiguration;
			buildSettings = {
				ALWAYS_EMBED_SWIFT_STANDARD_LIBRARIES = YES;
				BUNDLE_LOADER = "$(TEST_HOST)";
				CODE_SIGN_STYLE = Automatic;
				CURRENT_PROJECT_VERSION = 1;
				GENERATE_INFOPLIST_FILE = YES;
				IPHONEOS_DEPLOYMENT_TARGET = 16.1;
				MARKETING_VERSION = 1.0;
				PRODUCT_BUNDLE_IDENTIFIER = com.samvanderhyden.AllTrailsAtLunchTests;
				PRODUCT_NAME = "$(TARGET_NAME)";
				SWIFT_EMIT_LOC_STRINGS = NO;
				SWIFT_VERSION = 5.0;
				TARGETED_DEVICE_FAMILY = "1,2";
				TEST_HOST = "$(BUILT_PRODUCTS_DIR)/AllTrailsAtLunch.app/$(BUNDLE_EXECUTABLE_FOLDER_PATH)/AllTrailsAtLunch";
			};
			name = Debug;
		};
		A89B383329664593003D240C /* Release */ = {
			isa = XCBuildConfiguration;
			buildSettings = {
				ALWAYS_EMBED_SWIFT_STANDARD_LIBRARIES = YES;
				BUNDLE_LOADER = "$(TEST_HOST)";
				CODE_SIGN_STYLE = Automatic;
				CURRENT_PROJECT_VERSION = 1;
				GENERATE_INFOPLIST_FILE = YES;
				IPHONEOS_DEPLOYMENT_TARGET = 16.1;
				MARKETING_VERSION = 1.0;
				PRODUCT_BUNDLE_IDENTIFIER = com.samvanderhyden.AllTrailsAtLunchTests;
				PRODUCT_NAME = "$(TARGET_NAME)";
				SWIFT_EMIT_LOC_STRINGS = NO;
				SWIFT_VERSION = 5.0;
				TARGETED_DEVICE_FAMILY = "1,2";
				TEST_HOST = "$(BUILT_PRODUCTS_DIR)/AllTrailsAtLunch.app/$(BUNDLE_EXECUTABLE_FOLDER_PATH)/AllTrailsAtLunch";
			};
			name = Release;
		};
/* End XCBuildConfiguration section */

/* Begin XCConfigurationList section */
		A89B37FF29664591003D240C /* Build configuration list for PBXProject "AllTrailsAtLunch" */ = {
			isa = XCConfigurationList;
			buildConfigurations = (
				A89B382C29664593003D240C /* Debug */,
				A89B382D29664593003D240C /* Release */,
			);
			defaultConfigurationIsVisible = 0;
			defaultConfigurationName = Release;
		};
		A89B382E29664593003D240C /* Build configuration list for PBXNativeTarget "AllTrailsAtLunch" */ = {
			isa = XCConfigurationList;
			buildConfigurations = (
				A89B382F29664593003D240C /* Debug */,
				A89B383029664593003D240C /* Release */,
			);
			defaultConfigurationIsVisible = 0;
			defaultConfigurationName = Release;
		};
		A89B383129664593003D240C /* Build configuration list for PBXNativeTarget "AllTrailsAtLunchTests" */ = {
			isa = XCConfigurationList;
			buildConfigurations = (
				A89B383229664593003D240C /* Debug */,
				A89B383329664593003D240C /* Release */,
			);
			defaultConfigurationIsVisible = 0;
			defaultConfigurationName = Release;
		};
/* End XCConfigurationList section */
	};
	rootObject = A89B37FC29664591003D240C /* Project object */;
}
